
Microsoft Visual Studio Solution File, Format Version 12.00
# Visual Studio Version 17
VisualStudioVersion = 17.4.33213.308
MinimumVisualStudioVersion = 10.0.40219.1
Project("{9A19103F-16F7-4668-BE54-9A1E7A4F7556}") = "GestionMagasin", "GestionMagasin\GestionMagasin.csproj", "{D56C73A3-073A-4831-B89F-59C7406A3BCC}"
EndProject
Global
	GlobalSection(SolutionConfigurationPlatforms) = preSolution
		Debug|Any CPU = Debug|Any CPU
		Release|Any CPU = Release|Any CPU
	EndGlobalSection
	GlobalSection(ProjectConfigurationPlatforms) = postSolution
		{D56C73A3-073A-4831-B89F-59C7406A3BCC}.Debug|Any CPU.ActiveCfg = Debug|Any CPU
		{D56C73A3-073A-4831-B89F-59C7406A3BCC}.Debug|Any CPU.Build.0 = Debug|Any CPU
		{D56C73A3-073A-4831-B89F-59C7406A3BCC}.Release|Any CPU.ActiveCfg = Release|Any CPU
		{D56C73A3-073A-4831-B89F-59C7406A3BCC}.Release|Any CPU.Build.0 = Release|Any CPU
	EndGlobalSection
	GlobalSection(SolutionProperties) = preSolution
		HideSolutionNode = FALSE
	EndGlobalSection
	GlobalSection(ExtensibilityGlobals) = postSolution
		SolutionGuid = {1F91D019-7E6B-4467-A014-CAD8C5DEF2A2}
	EndGlobalSection
EndGlobal
